schema: '2.0'
stages:
  data_ingestion:
    cmd: python src/data_ingestion.py
    deps:
    - path: src/data_ingestion.py
      hash: md5
      md5: 4bbe8bfa2e7f1a1d3b7b82987a901dfe
      size: 3486
      isexec: true
    params:
      params.yaml:
        data_ingestion.test_size: 0.3
    outs:
    - path: data/raw
      hash: md5
      md5: 6c14fc5d4581715d0c084959eeff4b01.dir
      size: 479272
      nfiles: 2
  data_preprocessing:
    cmd: python src/data_preprocessing.py
    deps:
    - path: data/raw
      hash: md5
      md5: 6c14fc5d4581715d0c084959eeff4b01.dir
      size: 479272
      nfiles: 2
    - path: src/data_preprocessing.py
      hash: md5
      md5: 5428ebaee668fbe2704a46cd51fce558
      size: 3202
      isexec: true
    outs:
    - path: data/interim
      hash: md5
      md5: 1f532fd5760966aa5f289cff9d237c2b.dir
      size: 257220
      nfiles: 2
  feature_engineering:
    cmd: python src/feature_engineering.py
    deps:
    - path: data/interim
      hash: md5
      md5: 1f532fd5760966aa5f289cff9d237c2b.dir
      size: 257220
      nfiles: 2
    - path: src/feature_engineering.py
      hash: md5
      md5: f6b57a504e1b63be1083e8168759616a
      size: 3978
      isexec: true
    params:
      params.yaml:
        feature_engineering.max_features: 45
    outs:
    - path: data/processed
      hash: md5
      md5: bb469f48d15feaca37200cc8ba18c9fb.dir
      size: 1068064
      nfiles: 2
  model_building:
    cmd: python src/model_building.py
    deps:
    - path: data/processed
      hash: md5
      md5: bb469f48d15feaca37200cc8ba18c9fb.dir
      size: 1068064
      nfiles: 2
    - path: src/model_building.py
      hash: md5
      md5: 4029622d45bffbe5847722ef835ddd53
      size: 4033
      isexec: true
    params:
      params.yaml:
        model_building.n_estimators: 39
        model_building.random_state: 2
    outs:
    - path: models/model.pkl
      hash: md5
      md5: f77344a4cad944cf5a79fbc35c4a4e95
      size: 1345898
  model_evaluation:
    cmd: python src/model_evaluation.py
    deps:
    - path: models/model.pkl
      hash: md5
      md5: f77344a4cad944cf5a79fbc35c4a4e95
      size: 1345898
    - path: src/model_evaluation.py
      hash: md5
      md5: b533ca84fa3bcfe19866f35cdcd24ce0
      size: 4343
      isexec: true
    outs:
    - path: reports/metrics.json
      hash: md5
      md5: 19a14dab5884504f6a5e72fa2c6d9b4a
      size: 168
